Microsoft Visual Studio Solution File, Format Version 11.00
# Visual Studio 2008

Project("{B8906B96-EFF3-F135-AFA3-571F0710EF46}") = "DTTSpike Demo", "Assembly-CSharp.csproj", "{C7A6DB2A-D538-56A5-A253-5643A7F88A0E}"
EndProject
Project("{B8906B96-EFF3-F135-AFA3-571F0710EF46}") = "DTTSpike Demo", "Assembly-CSharp-Editor.csproj", "{B7EFCA27-D36D-AC43-F3A5-57B57C253B57}"
EndProject
Global
	GlobalSection(SolutionConfigurationPlatforms) = preSolution
		Debug|Any CPU = Debug|Any CPU
		Release|Any CPU = Release|Any CPU
	EndGlobalSection
	GlobalSection(ProjectConfigurationPlatforms) = postSolution
		{C7A6DB2A-D538-56A5-A253-5643A7F88A0E}.Debug|Any CPU.ActiveCfg = Debug|Any CPU
		{C7A6DB2A-D538-56A5-A253-5643A7F88A0E}.Debug|Any CPU.Build.0 = Debug|Any CPU
		{C7A6DB2A-D538-56A5-A253-5643A7F88A0E}.Release|Any CPU.ActiveCfg = Release|Any CPU
		{C7A6DB2A-D538-56A5-A253-5643A7F88A0E}.Release|Any CPU.Build.0 = Release|Any CPU
		{B7EFCA27-D36D-AC43-F3A5-57B57C253B57}.Debug|Any CPU.ActiveCfg = Debug|Any CPU
		{B7EFCA27-D36D-AC43-F3A5-57B57C253B57}.Debug|Any CPU.Build.0 = Debug|Any CPU
		{B7EFCA27-D36D-AC43-F3A5-57B57C253B57}.Release|Any CPU.ActiveCfg = Release|Any CPU
		{B7EFCA27-D36D-AC43-F3A5-57B57C253B57}.Release|Any CPU.Build.0 = Release|Any CPU
	EndGlobalSection
	GlobalSection(SolutionProperties) = preSolution
		HideSolutionNode = FALSE
	EndGlobalSection
	GlobalSection(MonoDevelopProperties) = preSolution
		StartupItem = Assembly-CSharp.csproj
	EndGlobalSection
EndGlobal
